
Microsoft Visual Studio Solution File, Format Version 12.00
# Visual Studio Version 16
VisualStudioVersion = 16.0.31829.152
MinimumVisualStudioVersion = 10.0.40219.1
Project("{9A19103F-16F7-4668-BE54-9A1E7A4F7556}") = "DataBase", "DataBase\DataBase.csproj", "{5D99F95B-82CE-4417-AAC5-C078F2763E0E}"
EndProject
Project("{9A19103F-16F7-4668-BE54-9A1E7A4F7556}") = "Logic Layer", "Logic Layer\Logic Layer.csproj", "{4C8B3EFC-F592-4F8A-9007-0370688B27D9}"
EndProject
Project("{FAE04EC0-301F-11D3-BF4B-00C04F79EFBC}") = "UserInterface", "UserInterface\UserInterface.csproj", "{AF51EE83-67B4-45B0-A9C1-382D6D82F697}"
EndProject
Global
	GlobalSection(SolutionConfigurationPlatforms) = preSolution
		Debug|Any CPU = Debug|Any CPU
		Release|Any CPU = Release|Any CPU
	EndGlobalSection
	GlobalSection(ProjectConfigurationPlatforms) = postSolution
		{5D99F95B-82CE-4417-AAC5-C078F2763E0E}.Debug|Any CPU.ActiveCfg = Debug|Any CPU
		{5D99F95B-82CE-4417-AAC5-C078F2763E0E}.Debug|Any CPU.Build.0 = Debug|Any CPU
		{5D99F95B-82CE-4417-AAC5-C078F2763E0E}.Release|Any CPU.ActiveCfg = Release|Any CPU
		{5D99F95B-82CE-4417-AAC5-C078F2763E0E}.Release|Any CPU.Build.0 = Release|Any CPU
		{4C8B3EFC-F592-4F8A-9007-0370688B27D9}.Debug|Any CPU.ActiveCfg = Debug|Any CPU
		{4C8B3EFC-F592-4F8A-9007-0370688B27D9}.Debug|Any CPU.Build.0 = Debug|Any CPU
		{4C8B3EFC-F592-4F8A-9007-0370688B27D9}.Release|Any CPU.ActiveCfg = Release|Any CPU
		{4C8B3EFC-F592-4F8A-9007-0370688B27D9}.Release|Any CPU.Build.0 = Release|Any CPU
		{AF51EE83-67B4-45B0-A9C1-382D6D82F697}.Debug|Any CPU.ActiveCfg = Debug|Any CPU
		{AF51EE83-67B4-45B0-A9C1-382D6D82F697}.Debug|Any CPU.Build.0 = Debug|Any CPU
		{AF51EE83-67B4-45B0-A9C1-382D6D82F697}.Release|Any CPU.ActiveCfg = Release|Any CPU
		{AF51EE83-67B4-45B0-A9C1-382D6D82F697}.Release|Any CPU.Build.0 = Release|Any CPU
	EndGlobalSection
	GlobalSection(SolutionProperties) = preSolution
		HideSolutionNode = FALSE
	EndGlobalSection
	GlobalSection(ExtensibilityGlobals) = postSolution
		SolutionGuid = {49776870-FAB9-4042-A595-B3BBC8309CF5}
	EndGlobalSection
EndGlobal
